
Microsoft Visual Studio Solution File, Format Version 12.00
# Visual Studio Version 16
VisualStudioVersion = 16.0.31605.320
MinimumVisualStudioVersion = 10.0.40219.1
Project("{FAE04EC0-301F-11D3-BF4B-00C04F79EFBC}") = "MemCPUTest", "MemCPUTest\MemCPUTest.csproj", "{C9C4A735-2243-4D85-8F34-B2D76C6D0F74}"
EndProject
Project("{8BC9CEB8-8B4A-11D0-8D11-00A0C91BC942}") = "Patch", "Patch\Patch.vcxproj", "{35F077AA-A89D-48DD-A8BA-795E8B8C268C}"
EndProject
Global
	GlobalSection(SolutionConfigurationPlatforms) = preSolution
		Debug|Any CPU = Debug|Any CPU
		Debug|x64 = Debug|x64
		Debug|x86 = Debug|x86
		Release|Any CPU = Release|Any CPU
		Release|x64 = Release|x64
		Release|x86 = Release|x86
	EndGlobalSection
	GlobalSection(ProjectConfigurationPlatforms) = postSolution
		{C9C4A735-2243-4D85-8F34-B2D76C6D0F74}.Debug|Any CPU.ActiveCfg = Debug|Any CPU
		{C9C4A735-2243-4D85-8F34-B2D76C6D0F74}.Debug|Any CPU.Build.0 = Debug|Any CPU
		{C9C4A735-2243-4D85-8F34-B2D76C6D0F74}.Debug|x64.ActiveCfg = Debug|x64
		{C9C4A735-2243-4D85-8F34-B2D76C6D0F74}.Debug|x64.Build.0 = Debug|x64
		{C9C4A735-2243-4D85-8F34-B2D76C6D0F74}.Debug|x86.ActiveCfg = Debug|Any CPU
		{C9C4A735-2243-4D85-8F34-B2D76C6D0F74}.Debug|x86.Build.0 = Debug|Any CPU
		{C9C4A735-2243-4D85-8F34-B2D76C6D0F74}.Release|Any CPU.ActiveCfg = Release|Any CPU
		{C9C4A735-2243-4D85-8F34-B2D76C6D0F74}.Release|Any CPU.Build.0 = Release|Any CPU
		{C9C4A735-2243-4D85-8F34-B2D76C6D0F74}.Release|x64.ActiveCfg = Release|x64
		{C9C4A735-2243-4D85-8F34-B2D76C6D0F74}.Release|x64.Build.0 = Release|x64
		{C9C4A735-2243-4D85-8F34-B2D76C6D0F74}.Release|x86.ActiveCfg = Release|Any CPU
		{C9C4A735-2243-4D85-8F34-B2D76C6D0F74}.Release|x86.Build.0 = Release|Any CPU
		{35F077AA-A89D-48DD-A8BA-795E8B8C268C}.Debug|Any CPU.ActiveCfg = Debug|Win32
		{35F077AA-A89D-48DD-A8BA-795E8B8C268C}.Debug|x64.ActiveCfg = Debug|x64
		{35F077AA-A89D-48DD-A8BA-795E8B8C268C}.Debug|x64.Build.0 = Debug|x64
		{35F077AA-A89D-48DD-A8BA-795E8B8C268C}.Debug|x86.ActiveCfg = Debug|Win32
		{35F077AA-A89D-48DD-A8BA-795E8B8C268C}.Debug|x86.Build.0 = Debug|Win32
		{35F077AA-A89D-48DD-A8BA-795E8B8C268C}.Release|Any CPU.ActiveCfg = Release|Win32
		{35F077AA-A89D-48DD-A8BA-795E8B8C268C}.Release|x64.ActiveCfg = Release|x64
		{35F077AA-A89D-48DD-A8BA-795E8B8C268C}.Release|x64.Build.0 = Release|x64
		{35F077AA-A89D-48DD-A8BA-795E8B8C268C}.Release|x86.ActiveCfg = Release|Win32
		{35F077AA-A89D-48DD-A8BA-795E8B8C268C}.Release|x86.Build.0 = Release|Win32
	EndGlobalSection
	GlobalSection(SolutionProperties) = preSolution
		HideSolutionNode = FALSE
	EndGlobalSection
	GlobalSection(ExtensibilityGlobals) = postSolution
		SolutionGuid = {C9899FB6-65E5-496A-9F6A-FF20738808B5}
	EndGlobalSection
EndGlobal
